
Microsoft Visual Studio Solution File, Format Version 12.00
# Visual Studio Version 16
VisualStudioVersion = 16.0.30308.118
MinimumVisualStudioVersion = 10.0.40219.1
Project("{FAE04EC0-301F-11D3-BF4B-00C04F79EFBC}") = "AzureCache", "AzureCache\AzureCache.csproj", "{845F69FB-9499-4B26-99BC-18471EFA08F8}"
EndProject
Project("{9A19103F-16F7-4668-BE54-9A1E7A4F7556}") = "AzureSearch", "AzureSearch\AzureSearch.csproj", "{07B9E72B-0B75-4177-BBEC-092001718005}"
EndProject
Global
	GlobalSection(SolutionConfigurationPlatforms) = preSolution
		Debug|Any CPU = Debug|Any CPU
		Release|Any CPU = Release|Any CPU
	EndGlobalSection
	GlobalSection(ProjectConfigurationPlatforms) = postSolution
		{845F69FB-9499-4B26-99BC-18471EFA08F8}.Debug|Any CPU.ActiveCfg = Debug|Any CPU
		{845F69FB-9499-4B26-99BC-18471EFA08F8}.Debug|Any CPU.Build.0 = Debug|Any CPU
		{845F69FB-9499-4B26-99BC-18471EFA08F8}.Release|Any CPU.ActiveCfg = Release|Any CPU
		{845F69FB-9499-4B26-99BC-18471EFA08F8}.Release|Any CPU.Build.0 = Release|Any CPU
		{07B9E72B-0B75-4177-BBEC-092001718005}.Debug|Any CPU.ActiveCfg = Debug|Any CPU
		{07B9E72B-0B75-4177-BBEC-092001718005}.Debug|Any CPU.Build.0 = Debug|Any CPU
		{07B9E72B-0B75-4177-BBEC-092001718005}.Release|Any CPU.ActiveCfg = Release|Any CPU
		{07B9E72B-0B75-4177-BBEC-092001718005}.Release|Any CPU.Build.0 = Release|Any CPU
	EndGlobalSection
	GlobalSection(SolutionProperties) = preSolution
		HideSolutionNode = FALSE
	EndGlobalSection
	GlobalSection(ExtensibilityGlobals) = postSolution
		SolutionGuid = {D2C6CCDF-320A-4766-A123-816069E28DD1}
	EndGlobalSection
EndGlobal
