
Microsoft Visual Studio Solution File, Format Version 12.00
# Visual Studio Version 16
VisualStudioVersion = 16.0.29609.76
MinimumVisualStudioVersion = 10.0.40219.1
Project("{FAE04EC0-301F-11D3-BF4B-00C04F79EFBC}") = "ComputerVisionDemo", "ComputerVisionDemo\ComputerVisionDemo.csproj", "{13DB63D2-5BBE-49AB-9C2F-7F2DA8626AB7}"
EndProject
Global
	GlobalSection(SolutionConfigurationPlatforms) = preSolution
		Debug|Any CPU = Debug|Any CPU
		Release|Any CPU = Release|Any CPU
	EndGlobalSection
	GlobalSection(ProjectConfigurationPlatforms) = postSolution
		{13DB63D2-5BBE-49AB-9C2F-7F2DA8626AB7}.Debug|Any CPU.ActiveCfg = Debug|Any CPU
		{13DB63D2-5BBE-49AB-9C2F-7F2DA8626AB7}.Debug|Any CPU.Build.0 = Debug|Any CPU
		{13DB63D2-5BBE-49AB-9C2F-7F2DA8626AB7}.Release|Any CPU.ActiveCfg = Release|Any CPU
		{13DB63D2-5BBE-49AB-9C2F-7F2DA8626AB7}.Release|Any CPU.Build.0 = Release|Any CPU
	EndGlobalSection
	GlobalSection(SolutionProperties) = preSolution
		HideSolutionNode = FALSE
	EndGlobalSection
	GlobalSection(ExtensibilityGlobals) = postSolution
		SolutionGuid = {50196C4E-41D9-45BA-B6C1-5A2D047344F6}
	EndGlobalSection
EndGlobal
